
Microsoft Visual Studio Solution File, Format Version 12.00
# Visual Studio Version 17
VisualStudioVersion = 17.8.34330.188
MinimumVisualStudioVersion = 10.0.40219.1
Project("{FAE04EC0-301F-11D3-BF4B-00C04F79EFBC}") = "Pente", "Pente.csproj", "{338A3D33-8105-4961-9A7D-D73A2B1827D6}"
EndProject
Global
	GlobalSection(SolutionConfigurationPlatforms) = preSolution
		Debug|Any CPU = Debug|Any CPU
		Release|Any CPU = Release|Any CPU
	EndGlobalSection
	GlobalSection(ProjectConfigurationPlatforms) = postSolution
		{338A3D33-8105-4961-9A7D-D73A2B1827D6}.Debug|Any CPU.ActiveCfg = Debug|Any CPU
		{338A3D33-8105-4961-9A7D-D73A2B1827D6}.Debug|Any CPU.Build.0 = Debug|Any CPU
		{338A3D33-8105-4961-9A7D-D73A2B1827D6}.Release|Any CPU.ActiveCfg = Release|Any CPU
		{338A3D33-8105-4961-9A7D-D73A2B1827D6}.Release|Any CPU.Build.0 = Release|Any CPU
	EndGlobalSection
	GlobalSection(SolutionProperties) = preSolution
		HideSolutionNode = FALSE
	EndGlobalSection
	GlobalSection(ExtensibilityGlobals) = postSolution
		SolutionGuid = {E91631D3-D1AA-4B39-94D5-0C6081F22911}
	EndGlobalSection
EndGlobal
